
Microsoft Visual Studio Solution File, Format Version 12.00
# Visual Studio Version 16
VisualStudioVersion = 25.0.1704.2
MinimumVisualStudioVersion = 10.0.40219.1
Project("{FAE04EC0-301F-11D3-BF4B-00C04F79EFBC}") = "gittask", "gittask\gittask.csproj", "{A6D93114-D7B5-4CE3-B2CE-C49DD6662A66}"
EndProject
Global
	GlobalSection(SolutionConfigurationPlatforms) = preSolution
		Debug|Any CPU = Debug|Any CPU
		Release|Any CPU = Release|Any CPU
	EndGlobalSection
	GlobalSection(ProjectConfigurationPlatforms) = postSolution
		{A6D93114-D7B5-4CE3-B2CE-C49DD6662A66}.Debug|Any CPU.ActiveCfg = Debug|Any CPU
		{A6D93114-D7B5-4CE3-B2CE-C49DD6662A66}.Debug|Any CPU.Build.0 = Debug|Any CPU
		{A6D93114-D7B5-4CE3-B2CE-C49DD6662A66}.Release|Any CPU.ActiveCfg = Release|Any CPU
		{A6D93114-D7B5-4CE3-B2CE-C49DD6662A66}.Release|Any CPU.Build.0 = Release|Any CPU
	EndGlobalSection
	GlobalSection(SolutionProperties) = preSolution
		HideSolutionNode = FALSE
	EndGlobalSection
	GlobalSection(ExtensibilityGlobals) = postSolution
		SolutionGuid = {72EA2684-9DD9-486F-AF00-057DC8844764}
	EndGlobalSection
EndGlobal
